
Microsoft Visual Studio Solution File, Format Version 12.00
# Visual Studio Version 16
VisualStudioVersion = 16.0.30804.86
MinimumVisualStudioVersion = 10.0.40219.1
Project("{9A19103F-16F7-4668-BE54-9A1E7A4F7556}") = "TestApi", "TestApi.csproj", "{1443EEC1-96D1-4F64-A029-729A9E8C52AD}"
EndProject
Project("{9A19103F-16F7-4668-BE54-9A1E7A4F7556}") = "Models", "Models\Models.csproj", "{4F78D809-AF43-4E20-96F6-DA80DEDD42E8}"
EndProject
Project("{9A19103F-16F7-4668-BE54-9A1E7A4F7556}") = "Services", "Services\Services.csproj", "{F11C1527-D61B-467E-8ED1-0045C9B969E7}"
EndProject
Global
	GlobalSection(SolutionConfigurationPlatforms) = preSolution
		Debug|Any CPU = Debug|Any CPU
		Release|Any CPU = Release|Any CPU
	EndGlobalSection
	GlobalSection(ProjectConfigurationPlatforms) = postSolution
		{1443EEC1-96D1-4F64-A029-729A9E8C52AD}.Debug|Any CPU.ActiveCfg = Debug|Any CPU
		{1443EEC1-96D1-4F64-A029-729A9E8C52AD}.Debug|Any CPU.Build.0 = Debug|Any CPU
		{1443EEC1-96D1-4F64-A029-729A9E8C52AD}.Release|Any CPU.ActiveCfg = Release|Any CPU
		{1443EEC1-96D1-4F64-A029-729A9E8C52AD}.Release|Any CPU.Build.0 = Release|Any CPU
		{4F78D809-AF43-4E20-96F6-DA80DEDD42E8}.Debug|Any CPU.ActiveCfg = Debug|Any CPU
		{4F78D809-AF43-4E20-96F6-DA80DEDD42E8}.Debug|Any CPU.Build.0 = Debug|Any CPU
		{4F78D809-AF43-4E20-96F6-DA80DEDD42E8}.Release|Any CPU.ActiveCfg = Release|Any CPU
		{4F78D809-AF43-4E20-96F6-DA80DEDD42E8}.Release|Any CPU.Build.0 = Release|Any CPU
		{F11C1527-D61B-467E-8ED1-0045C9B969E7}.Debug|Any CPU.ActiveCfg = Debug|Any CPU
		{F11C1527-D61B-467E-8ED1-0045C9B969E7}.Debug|Any CPU.Build.0 = Debug|Any CPU
		{F11C1527-D61B-467E-8ED1-0045C9B969E7}.Release|Any CPU.ActiveCfg = Release|Any CPU
		{F11C1527-D61B-467E-8ED1-0045C9B969E7}.Release|Any CPU.Build.0 = Release|Any CPU
	EndGlobalSection
	GlobalSection(SolutionProperties) = preSolution
		HideSolutionNode = FALSE
	EndGlobalSection
	GlobalSection(ExtensibilityGlobals) = postSolution
		SolutionGuid = {C507EC64-3862-450A-B803-3BC438093A8A}
	EndGlobalSection
EndGlobal
